
Microsoft Visual Studio Solution File, Format Version 12.00
# Visual Studio 2012
Project("{FAE04EC0-301F-11D3-BF4B-00C04F79EFBC}") = "BugReporter_v2", "BugReporter_v2\BugReporter_v2.csproj", "{51357F2E-B4E3-4E22-B055-FB977AD2482A}"
EndProject
Project("{FAE04EC0-301F-11D3-BF4B-00C04F79EFBC}") = "BugReporter_v2.Tests", "BugReporter_v2.Tests\BugReporter_v2.Tests.csproj", "{97E8D7A8-21A6-41F2-B531-60F3C2369E06}"
EndProject
Project("{FAE04EC0-301F-11D3-BF4B-00C04F79EFBC}") = "BugReporter_v2.DAL", "BugReporter.DAL\BugReporter_v2.DAL.csproj", "{189871F6-3D41-451F-B07C-56AB5AD18F87}"
EndProject
Project("{2150E333-8FDC-42A3-9474-1A3956D46DE8}") = "External Libraries", "External Libraries", "{1A0C2EA0-59D9-4812-A995-AE12B5C5D9BD}"
	ProjectSection(SolutionItems) = preProject
		External Libraries\Kendo.Mvc.dll = External Libraries\Kendo.Mvc.dll
	EndProjectSection
EndProject
Global
	GlobalSection(SolutionConfigurationPlatforms) = preSolution
		Debug|Any CPU = Debug|Any CPU
		Release|Any CPU = Release|Any CPU
	EndGlobalSection
	GlobalSection(ProjectConfigurationPlatforms) = postSolution
		{51357F2E-B4E3-4E22-B055-FB977AD2482A}.Debug|Any CPU.ActiveCfg = Debug|Any CPU
		{51357F2E-B4E3-4E22-B055-FB977AD2482A}.Debug|Any CPU.Build.0 = Debug|Any CPU
		{51357F2E-B4E3-4E22-B055-FB977AD2482A}.Release|Any CPU.ActiveCfg = Release|Any CPU
		{51357F2E-B4E3-4E22-B055-FB977AD2482A}.Release|Any CPU.Build.0 = Release|Any CPU
		{97E8D7A8-21A6-41F2-B531-60F3C2369E06}.Debug|Any CPU.ActiveCfg = Debug|Any CPU
		{97E8D7A8-21A6-41F2-B531-60F3C2369E06}.Debug|Any CPU.Build.0 = Debug|Any CPU
		{97E8D7A8-21A6-41F2-B531-60F3C2369E06}.Release|Any CPU.ActiveCfg = Release|Any CPU
		{97E8D7A8-21A6-41F2-B531-60F3C2369E06}.Release|Any CPU.Build.0 = Release|Any CPU
		{189871F6-3D41-451F-B07C-56AB5AD18F87}.Debug|Any CPU.ActiveCfg = Debug|Any CPU
		{189871F6-3D41-451F-B07C-56AB5AD18F87}.Debug|Any CPU.Build.0 = Debug|Any CPU
		{189871F6-3D41-451F-B07C-56AB5AD18F87}.Release|Any CPU.ActiveCfg = Release|Any CPU
		{189871F6-3D41-451F-B07C-56AB5AD18F87}.Release|Any CPU.Build.0 = Release|Any CPU
	EndGlobalSection
	GlobalSection(SolutionProperties) = preSolution
		HideSolutionNode = FALSE
	EndGlobalSection
EndGlobal
